
Microsoft Visual Studio Solution File, Format Version 12.00
# Visual Studio Version 16
VisualStudioVersion = 16.0.29403.142
MinimumVisualStudioVersion = 10.0.40219.1
Project("{FAE04EC0-301F-11D3-BF4B-00C04F79EFBC}") = "CapitalizedWords", "CapitalizedWords\CapitalizedWords.csproj", "{4F783ACE-16EB-49D3-8214-12920DFE85AB}"
EndProject
Project("{FAE04EC0-301F-11D3-BF4B-00C04F79EFBC}") = "CapitalizedWords.Tests", "CapitalizedWords.Tests\CapitalizedWords.Tests.csproj", "{01C341AE-2125-4C23-80A1-C58C04D0F2D6}"
EndProject
Global
	GlobalSection(SolutionConfigurationPlatforms) = preSolution
		Debug|Any CPU = Debug|Any CPU
		Release|Any CPU = Release|Any CPU
	EndGlobalSection
	GlobalSection(ProjectConfigurationPlatforms) = postSolution
		{4F783ACE-16EB-49D3-8214-12920DFE85AB}.Debug|Any CPU.ActiveCfg = Debug|Any CPU
		{4F783ACE-16EB-49D3-8214-12920DFE85AB}.Debug|Any CPU.Build.0 = Debug|Any CPU
		{4F783ACE-16EB-49D3-8214-12920DFE85AB}.Release|Any CPU.ActiveCfg = Release|Any CPU
		{4F783ACE-16EB-49D3-8214-12920DFE85AB}.Release|Any CPU.Build.0 = Release|Any CPU
		{01C341AE-2125-4C23-80A1-C58C04D0F2D6}.Debug|Any CPU.ActiveCfg = Debug|Any CPU
		{01C341AE-2125-4C23-80A1-C58C04D0F2D6}.Debug|Any CPU.Build.0 = Debug|Any CPU
		{01C341AE-2125-4C23-80A1-C58C04D0F2D6}.Release|Any CPU.ActiveCfg = Release|Any CPU
		{01C341AE-2125-4C23-80A1-C58C04D0F2D6}.Release|Any CPU.Build.0 = Release|Any CPU
	EndGlobalSection
	GlobalSection(SolutionProperties) = preSolution
		HideSolutionNode = FALSE
	EndGlobalSection
	GlobalSection(ExtensibilityGlobals) = postSolution
		SolutionGuid = {1B400B15-A300-4982-A67E-50115A0007EC}
	EndGlobalSection
EndGlobal
